Microsoft Visual Studio Solution File, Format Version 12.00
# Visual Studio 2012
Project("{FAE04EC0-301F-11D3-BF4B-00C04F79EFBC}") = "black-country", "black-country.csproj", "{3D01B788-0384-4C61-B9BA-2499F44A1BDB}"
EndProject
Global
	GlobalSection(SolutionConfigurationPlatforms) = preSolution
	Debug|Any CPU = Debug|Any CPU
	ExportDebug|Any CPU = ExportDebug|Any CPU
	ExportRelease|Any CPU = ExportRelease|Any CPU
	EndGlobalSection
	GlobalSection(ProjectConfigurationPlatforms) = postSolution
		{3D01B788-0384-4C61-B9BA-2499F44A1BDB}.Debug|Any CPU.ActiveCfg = Debug|Any CPU
		{3D01B788-0384-4C61-B9BA-2499F44A1BDB}.Debug|Any CPU.Build.0 = Debug|Any CPU
		{3D01B788-0384-4C61-B9BA-2499F44A1BDB}.ExportDebug|Any CPU.ActiveCfg = ExportDebug|Any CPU
		{3D01B788-0384-4C61-B9BA-2499F44A1BDB}.ExportDebug|Any CPU.Build.0 = ExportDebug|Any CPU
		{3D01B788-0384-4C61-B9BA-2499F44A1BDB}.ExportRelease|Any CPU.ActiveCfg = ExportRelease|Any CPU
		{3D01B788-0384-4C61-B9BA-2499F44A1BDB}.ExportRelease|Any CPU.Build.0 = ExportRelease|Any CPU
	EndGlobalSection
EndGlobal
